// !$*UTF8*$!
{
	archiveVersion = 1;
	classes = {
	};
	objectVersion = 50;
	objects = {

/* Begin PBXBuildFile section */
		A9495D7D25F507B900920376 /* AppDelegate.swift in Sources */ = {isa = PBXBuildFile; fileRef = A9495D7C25F507B900920376 /* AppDelegate.swift */; };
		A9495D7F25F507B900920376 /* SceneDelegate.swift in Sources */ = {isa = PBXBuildFile; fileRef = A9495D7E25F507B900920376 /* SceneDelegate.swift */; };
		A9495D8125F507B900920376 /* MemeEditorViewController.swift in Sources */ = {isa = PBXBuildFile; fileRef = A9495D8025F507B900920376 /* MemeEditorViewController.swift */; };
		A9495D8425F507B900920376 /* Main.storyboard in Resources */ = {isa = PBXBuildFile; fileRef = A9495D8225F507B900920376 /* Main.storyboard */; };
		A9495D8625F507BA00920376 /* Assets.xcassets in Resources */ = {isa = PBXBuildFile; fileRef = A9495D8525F507BA00920376 /* Assets.xcassets */; };
		A9495D8925F507BA00920376 /* LaunchScreen.storyboard in Resources */ = {isa = PBXBuildFile; fileRef = A9495D8725F507BA00920376 /* LaunchScreen.storyboard */; };
		A9495D9325F509B800920376 /* Meme.swift in Sources */ = {isa = PBXBuildFile; fileRef = A9495D9225F509B800920376 /* Meme.swift */; };
		A9FFCC4B25FCD6F900138EB5 /* MemeEditorViewController+UITextFieldDelegate.swift in Sources */ = {isa = PBXBuildFile; fileRef = A9FFCC4A25FCD6F900138EB5 /* MemeEditorViewController+UITextFieldDelegate.swift */; };
		A9FFCC4F25FCD8E100138EB5 /* MemeEditorViewController+Keyboard.swift in Sources */ = {isa = PBXBuildFile; fileRef = A9FFCC4E25FCD8E100138EB5 /* MemeEditorViewController+Keyboard.swift */; };
		A9FFCC5225FCDA1800138EB5 /* MemeEditorViewController+MemeGeneration.swift in Sources */ = {isa = PBXBuildFile; fileRef = A9FFCC5125FCDA1800138EB5 /* MemeEditorViewController+MemeGeneration.swift */; };
/* End PBXBuildFile section */

/* Begin PBXFileReference section */
		A9495D7925F507B900920376 /* MemeMe.app */ = {isa = PBXFileReference; explicitFileType = wrapper.application; includeInIndex = 0; path = MemeMe.app; sourceTree = BUILT_PRODUCTS_DIR; };
		A9495D7C25F507B900920376 /* AppDelegate.swift */ = {isa = PBXFileReference; lastKnownFileType = sourcecode.swift; path = AppDelegate.swift; sourceTree = "<group>"; };
		A9495D7E25F507B900920376 /* SceneDelegate.swift */ = {isa = PBXFileReference; lastKnownFileType = sourcecode.swift; path = SceneDelegate.swift; sourceTree = "<group>"; };
		A9495D8025F507B900920376 /* MemeEditorViewController.swift */ = {isa = PBXFileReference; lastKnownFileType = sourcecode.swift; path = MemeEditorViewController.swift; sourceTree = "<group>"; };
		A9495D8325F507B900920376 /* Base */ = {isa = PBXFileReference; lastKnownFileType = file.storyboard; name = Base; path = Base.lproj/Main.storyboard; sourceTree = "<group>"; };
		A9495D8525F507BA00920376 /* Assets.xcassets */ = {isa = PBXFileReference; lastKnownFileType = folder.assetcatalog; path = Assets.xcassets; sourceTree = "<group>"; };
		A9495D8825F507BA00920376 /* Base */ = {isa = PBXFileReference; lastKnownFileType = file.storyboard; name = Base; path = Base.lproj/LaunchScreen.storyboard; sourceTree = "<group>"; };
		A9495D8A25F507BA00920376 /* Info.plist */ = {isa = PBXFileReference; lastKnownFileType = text.plist.xml; path = Info.plist; sourceTree = "<group>"; };
		A9495D9225F509B800920376 /* Meme.swift */ = {isa = PBXFileReference; lastKnownFileType = sourcecode.swift; path = Meme.swift; sourceTree = "<group>"; };
		A9FFCC4A25FCD6F900138EB5 /* MemeEditorViewController+UITextFieldDelegate.swift */ = {isa = PBXFileReference; lastKnownFileType = sourcecode.swift; path = "MemeEditorViewController+UITextFieldDelegate.swift"; sourceTree = "<group>"; };
		A9FFCC4E25FCD8E100138EB5 /* MemeEditorViewController+Keyboard.swift */ = {isa = PBXFileReference; lastKnownFileType = sourcecode.swift; path = "MemeEditorViewController+Keyboard.swift"; sourceTree = "<group>"; };
		A9FFCC5125FCDA1800138EB5 /* MemeEditorViewController+MemeGeneration.swift */ = {isa = PBXFileReference; lastKnownFileType = sourcecode.swift; path = "MemeEditorViewController+MemeGeneration.swift"; sourceTree = "<group>"; };
/* End PBXFileReference section */

/* Begin PBXFrameworksBuildPhase section */
		A9495D7625F507B900920376 /* Frameworks */ = {
			isa = PBXFrameworksBuildPhase;
			buildActionMask = 2147483647;
			files = (
			);
			runOnlyForDeploymentPostprocessing = 0;
		};
/* End PBXFrameworksBuildPhase section */

/* Begin PBXGroup section */
		A9495D7025F507B900920376 = {
			isa = PBXGroup;
			children = (
				A9495D7B25F507B900920376 /* MemeMe */,
				A9495D7A25F507B900920376 /* Products */,
			);
			sourceTree = "<group>";
		};
		A9495D7A25F507B900920376 /* Products */ = {
			isa = PBXGroup;
			children = (
				A9495D7925F507B900920376 /* MemeMe.app */,
			);
			name = Products;
			sourceTree = "<group>";
		};
		A9495D7B25F507B900920376 /* MemeMe */ = {
			isa = PBXGroup;
			children = (
				A9495D7C25F507B900920376 /* AppDelegate.swift */,
				A9495D7E25F507B900920376 /* SceneDelegate.swift */,
				A9495D8025F507B900920376 /* MemeEditorViewController.swift */,
				A9FFCC4A25FCD6F900138EB5 /* MemeEditorViewController+UITextFieldDelegate.swift */,
				A9FFCC4E25FCD8E100138EB5 /* MemeEditorViewController+Keyboard.swift */,
				A9FFCC5125FCDA1800138EB5 /* MemeEditorViewController+MemeGeneration.swift */,
				A9495D8225F507B900920376 /* Main.storyboard */,
				A9495D9225F509B800920376 /* Meme.swift */,
				A9495D8525F507BA00920376 /* Assets.xcassets */,
				A9495D8725F507BA00920376 /* LaunchScreen.storyboard */,
				A9495D8A25F507BA00920376 /* Info.plist */,
			);
			path = MemeMe;
			sourceTree = "<group>";
		};
/* End PBXGroup section */

/* Begin PBXNativeTarget section */
		A9495D7825F507B900920376 /* MemeMe */ = {
			isa = PBXNativeTarget;
			buildConfigurationList = A9495D8D25F507BA00920376 /* Build configuration list for PBXNativeTarget "MemeMe" */;
			buildPhases = (
				A9495D7525F507B900920376 /* Sources */,
				A9495D7625F507B900920376 /* Frameworks */,
				A9495D7725F507B900920376 /* Resources */,
			);
			buildRules = (
			);
			dependencies = (
			);
			name = MemeMe;
			productName = MemeMe;
			productReference = A9495D7925F507B900920376 /* MemeMe.app */;
			productType = "com.apple.product-type.application";
		};
/* End PBXNativeTarget section */

/* Begin PBXProject section */
		A9495D7125F507B900920376 /* Project object */ = {
			isa = PBXProject;
			attributes = {
				LastSwiftUpdateCheck = 1240;
				LastUpgradeCheck = 1240;
				TargetAttributes = {
					A9495D7825F507B900920376 = {
						CreatedOnToolsVersion = 12.4;
					};
				};
			};
			buildConfigurationList = A9495D7425F507B900920376 /* Build configuration list for PBXProject "MemeMe" */;
			compatibilityVersion = "Xcode 9.3";
			developmentRegion = en;
			hasScannedForEncodings = 0;
			knownRegions = (
				en,
				Base,
			);
			mainGroup = A9495D7025F507B900920376;
			productRefGroup = A9495D7A25F507B900920376 /* Products */;
			projectDirPath = "";
			projectRoot = "";
			targets = (
				A9495D7825F507B900920376 /* MemeMe */,
			);
		};
/* End PBXProject section */

/* Begin PBXResourcesBuildPhase section */
		A9495D7725F507B900920376 /* Resources */ = {
			isa = PBXResourcesBuildPhase;
			buildActionMask = 2147483647;
			files = (
				A9495D8925F507BA00920376 /* LaunchScreen.storyboard in Resources */,
				A9495D8625F507BA00920376 /* Assets.xcassets in Resources */,
				A9495D8425F507B900920376 /* Main.storyboard in Resources */,
			);
			runOnlyForDeploymentPostprocessing = 0;
		};
/* End PBXResourcesBuildPhase section */

/* Begin PBXSourcesBuildPhase section */
		A9495D7525F507B900920376 /* Sources */ = {
			isa = PBXSourcesBuildPhase;
			buildActionMask = 2147483647;
			files = (
				A9495D8125F507B900920376 /* MemeEditorViewController.swift in Sources */,
				A9FFCC4B25FCD6F900138EB5 /* MemeEditorViewController+UITextFieldDelegate.swift in Sources */,
				A9FFCC5225FCDA1800138EB5 /* MemeEditorViewController+MemeGeneration.swift in Sources */,
				A9FFCC4F25FCD8E100138EB5 /* MemeEditorViewController+Keyboard.swift in Sources */,
				A9495D9325F509B800920376 /* Meme.swift in Sources */,
				A9495D7D25F507B900920376 /* AppDelegate.swift in Sources */,
				A9495D7F25F507B900920376 /* SceneDelegate.swift in Sources */,
			);
			runOnlyForDeploymentPostprocessing = 0;
		};
/* End PBXSourcesBuildPhase section */

/* Begin PBXVariantGroup section */
		A9495D8225F507B900920376 /* Main.storyboard */ = {
			isa = PBXVariantGroup;
			children = (
				A9495D8325F507B900920376 /* Base */,
			);
			name = Main.storyboard;
			sourceTree = "<group>";
		};
		A9495D8725F507BA00920376 /* LaunchScreen.storyboard */ = {
			isa = PBXVariantGroup;
			children = (
				A9495D8825F507BA00920376 /* Base */,
			);
			name = LaunchScreen.storyboard;
			sourceTree = "<group>";
		};
/* End PBXVariantGroup section */

/* Begin XCBuildConfiguration section */
		A9495D8B25F507BA00920376 /* Debug */ = {
			isa = XCBuildConfiguration;
			buildSettings = {
				ALWAYS_SEARCH_USER_PATHS = NO;
				CLANG_ANALYZER_NONNULL = YES;
				CLANG_ANALYZER_NUMBER_OBJECT_CONVERSION = YES_AGGRESSIVE;
				CLANG_CXX_LANGUAGE_STANDARD = "gnu++14";
				CLANG_CXX_LIBRARY = "libc++";
				CLANG_ENABLE_MODULES = YES;
				CLANG_ENABLE_OBJC_ARC = YES;
				CLANG_ENABLE_OBJC_WEAK = YES;
				CLANG_WARN_BLOCK_CAPTURE_AUTORELEASING = YES;
				CLANG_WARN_BOOL_CONVERSION = YES;
				CLANG_WARN_COMMA = YES;
				CLANG_WARN_CONSTANT_CONVERSION = YES;
				CLANG_WARN_DEPRECATED_OBJC_IMPLEMENTATIONS = YES;
				CLANG_WARN_DIRECT_OBJC_ISA_USAGE = YES_ERROR;
				CLANG_WARN_DOCUMENTATION_COMMENTS = YES;
				CLANG_WARN_EMPTY_BODY = YES;
				CLANG_WARN_ENUM_CONVERSION = YES;
				CLANG_WARN_INFINITE_RECURSION = YES;
				CLANG_WARN_INT_CONVERSION = YES;
				CLANG_WARN_NON_LITERAL_NULL_CONVERSION = YES;
				CLANG_WARN_OBJC_IMPLICIT_RETAIN_SELF = YES;
				CLANG_WARN_OBJC_LITERAL_CONVERSION = YES;
				CLANG_WARN_OBJC_ROOT_CLASS = YES_ERROR;
				CLANG_WARN_QUOTED_INCLUDE_IN_FRAMEWORK_HEADER = YES;
				CLANG_WARN_RANGE_LOOP_ANALYSIS = YES;
				CLANG_WARN_STRICT_PROTOTYPES = YES;
				CLANG_WARN_SUSPICIOUS_MOVE = YES;
				CLANG_WARN_UNGUARDED_AVAILABILITY = YES_AGGRESSIVE;
				CLANG_WARN_UNREACHABLE_CODE = YES;
				CLANG_WARN__DUPLICATE_METHOD_MATCH = YES;
				COPY_PHASE_STRIP = NO;
				DEBUG_INFORMATION_FORMAT = dwarf;
				ENABLE_STRICT_OBJC_MSGSEND = YES;
				ENABLE_TESTABILITY = YES;
				GCC_C_LANGUAGE_STANDARD = gnu11;
				GCC_DYNAMIC_NO_PIC = NO;
				GCC_NO_COMMON_BLOCKS = YES;
				GCC_OPTIMIZATION_LEVEL = 0;
				GCC_PREPROCESSOR_DEFINITIONS = (
					"DEBUG=1",
					"$(inherited)",
				);
				GCC_WARN_64_TO_32_BIT_CONVERSION = YES;
				GCC_WARN_ABOUT_RETURN_TYPE = YES_ERROR;
				GCC_WARN_UNDECLARED_SELECTOR = YES;
				GCC_WARN_UNINITIALIZED_AUTOS = YES_AGGRESSIVE;
				GCC_WARN_UNUSED_FUNCTION = YES;
				GCC_WARN_UNUSED_VARIABLE = YES;
				IPHONEOS_DEPLOYMENT_TARGET = 14.4;
				MTL_ENABLE_DEBUG_INFO = INCLUDE_SOURCE;
				MTL_FAST_MATH = YES;
				ONLY_ACTIVE_ARCH = YES;
				SDKROOT = iphoneos;
				SWIFT_ACTIVE_COMPILATION_CONDITIONS = DEBUG;
				SWIFT_OPTIMIZATION_LEVEL = "-Onone";
			};
			name = Debug;
		};
		A9495D8C25F507BA00920376 /* Release */ = {
			isa = XCBuildConfiguration;
			buildSettings = {
				ALWAYS_SEARCH_USER_PATHS = NO;
				CLANG_ANALYZER_NONNULL = YES;
				CLANG_ANALYZER_NUMBER_OBJECT_CONVERSION = YES_AGGRESSIVE;
				CLANG_CXX_LANGUAGE_STANDARD = "gnu++14";
				CLANG_CXX_LIBRARY = "libc++";
				CLANG_ENABLE_MODULES = YES;
				CLANG_ENABLE_OBJC_ARC = YES;
				CLANG_ENABLE_OBJC_WEAK = YES;
				CLANG_WARN_BLOCK_CAPTURE_AUTORELEASING = YES;
				CLANG_WARN_BOOL_CONVERSION = YES;
				CLANG_WARN_COMMA = YES;
				CLANG_WARN_CONSTANT_CONVERSION = YES;
				CLANG_WARN_DEPRECATED_OBJC_IMPLEMENTATIONS = YES;
				CLANG_WARN_DIRECT_OBJC_ISA_USAGE = YES_ERROR;
				CLANG_WARN_DOCUMENTATION_COMMENTS = YES;
				CLANG_WARN_EMPTY_BODY = YES;
				CLANG_WARN_ENUM_CONVERSION = YES;
				CLANG_WARN_INFINITE_RECURSION = YES;
				CLANG_WARN_INT_CONVERSION = YES;
				CLANG_WARN_NON_LITERAL_NULL_CONVERSION = YES;
				CLANG_WARN_OBJC_IMPLICIT_RETAIN_SELF = YES;
				CLANG_WARN_OBJC_LITERAL_CONVERSION = YES;
				CLANG_WARN_OBJC_ROOT_CLASS = YES_ERROR;
				CLANG_WARN_QUOTED_INCLUDE_IN_FRAMEWORK_HEADER = YES;
				CLANG_WARN_RANGE_LOOP_ANALYSIS = YES;
				CLANG_WARN_STRICT_PROTOTYPES = YES;
				CLANG_WARN_SUSPICIOUS_MOVE = YES;
				CLANG_WARN_UNGUARDED_AVAILABILITY = YES_AGGRESSIVE;
				CLANG_WARN_UNREACHABLE_CODE = YES;
				CLANG_WARN__DUPLICATE_METHOD_MATCH = YES;
				COPY_PHASE_STRIP = NO;
				DEBUG_INFORMATION_FORMAT = "dwarf-with-dsym";
				ENABLE_NS_ASSERTIONS = NO;
				ENABLE_STRICT_OBJC_MSGSEND = YES;
				GCC_C_LANGUAGE_STANDARD = gnu11;
				GCC_NO_COMMON_BLOCKS = YES;
				GCC_WARN_64_TO_32_BIT_CONVERSION = YES;
				GCC_WARN_ABOUT_RETURN_TYPE = YES_ERROR;
				GCC_WARN_UNDECLARED_SELECTOR = YES;
				GCC_WARN_UNINITIALIZED_AUTOS = YES_AGGRESSIVE;
				GCC_WARN_UNUSED_FUNCTION = YES;
				GCC_WARN_UNUSED_VARIABLE = YES;
				IPHONEOS_DEPLOYMENT_TARGET = 14.4;
				MTL_ENABLE_DEBUG_INFO = NO;
				MTL_FAST_MATH = YES;
				SDKROOT = iphoneos;
				SWIFT_COMPILATION_MODE = wholemodule;
				SWIFT_OPTIMIZATION_LEVEL = "-O";
				VALIDATE_PRODUCT = YES;
			};
			name = Release;
		};
		A9495D8E25F507BA00920376 /* Debug */ = {
			isa = XCBuildConfiguration;
			buildSettings = {
				ASSETCATALOG_COMPILER_APPICON_NAME = AppIcon;
				ASSETCATALOG_COMPILER_GLOBAL_ACCENT_COLOR_NAME = AccentColor;
				CODE_SIGN_STYLE = Automatic;
				DEVELOPMENT_TEAM = "";
				INFOPLIST_FILE = MemeMe/Info.plist;
				LD_RUNPATH_SEARCH_PATHS = (
					"$(inherited)",
					"@executable_path/Frameworks",
				);
				PRODUCT_BUNDLE_IDENTIFIER = com.antonioisasivarela.MemeMe;
				PRODUCT_NAME = "$(TARGET_NAME)";
				SWIFT_VERSION = 5.0;
				TARGETED_DEVICE_FAMILY = 1;
			};
			name = Debug;
		};
		A9495D8F25F507BA00920376 /* Release */ = {
			isa = XCBuildConfiguration;
			buildSettings = {
				ASSETCATALOG_COMPILER_APPICON_NAME = AppIcon;
				ASSETCATALOG_COMPILER_GLOBAL_ACCENT_COLOR_NAME = AccentColor;
				CODE_SIGN_STYLE = Automatic;
				DEVELOPMENT_TEAM = "";
				INFOPLIST_FILE = MemeMe/Info.plist;
				LD_RUNPATH_SEARCH_PATHS = (
					"$(inherited)",
					"@executable_path/Frameworks",
				);
				PRODUCT_BUNDLE_IDENTIFIER = com.antonioisasivarela.MemeMe;
				PRODUCT_NAME = "$(TARGET_NAME)";
				SWIFT_VERSION = 5.0;
				TARGETED_DEVICE_FAMILY = 1;
			};
			name = Release;
		};
/* End XCBuildConfiguration section */

/* Begin XCConfigurationList section */
		A9495D7425F507B900920376 /* Build configuration list for PBXProject "MemeMe" */ = {
			isa = XCConfigurationList;
			buildConfigurations = (
				A9495D8B25F507BA00920376 /* Debug */,
				A9495D8C25F507BA00920376 /* Release */,
			);
			defaultConfigurationIsVisible = 0;
			defaultConfigurationName = Release;
		};
		A9495D8D25F507BA00920376 /* Build configuration list for PBXNativeTarget "MemeMe" */ = {
			isa = XCConfigurationList;
			buildConfigurations = (
				A9495D8E25F507BA00920376 /* Debug */,
				A9495D8F25F507BA00920376 /* Release */,
			);
			defaultConfigurationIsVisible = 0;
			defaultConfigurationName = Release;
		};
/* End XCConfigurationList section */
	};
	rootObject = A9495D7125F507B900920376 /* Project object */;
}
